{
  "name": "ManoBrownBot",
  "version": "1.0.0",
  "lockfileVersion": 2,
  "requires": true,
  "packages": {
    "": {
      "name": "ManoBrownBot",
      "version": "1.0.0",
      "license": "ISC",
      "dependencies": {
        "dotenv": "^16.0.3",
        "node-markov-generator": "^0.4.3",
        "twitter-api-v2": "^1.12.9"
      },
      "devDependencies": {
        "@types/node": "^18.11.9"
      }
    },
    "node_modules/@types/node": {
      "version": "18.11.9",
      "resolved": "https://registry.npmjs.org/@types/node/-/node-18.11.9.tgz",
      "integrity": "sha512-CRpX21/kGdzjOpFsZSkcrXMGIBWMGNIHXXBVFSH+ggkftxg+XYP20TESbh+zFvFj3EQOl5byk0HTRn1IL6hbqg==",
      "dev": true
    },
    "node_modules/dotenv": {
      "version": "16.0.3",
      "resolved": "https://registry.npmjs.org/dotenv/-/dotenv-16.0.3.tgz",
      "integrity": "sha512-7GO6HghkA5fYG9TYnNxi14/7K9f5occMlp3zXAuSxn7CKCxt9xbNWG7yF8hTCSUchlfWSe3uLmlPfigevRItzQ==",
      "engines": {
        "node": ">=12"
      }
    },
    "node_modules/node-markov-generator": {
      "version": "0.4.3",
      "resolved": "https://registry.npmjs.org/node-markov-generator/-/node-markov-generator-0.4.3.tgz",
      "integrity": "sha512-+3iezPoGMTYTHBWg64/LI921xFtxr+P7S2d/QhX2zt6ylhErWIwwPRsKZtU0oRDVZq4RJjpO2nY3UNG9zYDVsw=="
    },
    "node_modules/twitter-api-v2": {
      "version": "1.12.9",
      "resolved": "https://registry.npmjs.org/twitter-api-v2/-/twitter-api-v2-1.12.9.tgz",
      "integrity": "sha512-nmKwcUiXgoEfcOtAH/hYojy0oSxbouWvvNsHVphiHSW9x9aus2Jdg9/NRB2Gzyq5G6xl+EkjUlEWwBQjp1FOfg=="
    }
  },
  "dependencies": {
    "@types/node": {
      "version": "18.11.9",
      "resolved": "https://registry.npmjs.org/@types/node/-/node-18.11.9.tgz",
      "integrity": "sha512-CRpX21/kGdzjOpFsZSkcrXMGIBWMGNIHXXBVFSH+ggkftxg+XYP20TESbh+zFvFj3EQOl5byk0HTRn1IL6hbqg==",
      "dev": true
    },
    "dotenv": {
      "version": "16.0.3",
      "resolved": "https://registry.npmjs.org/dotenv/-/dotenv-16.0.3.tgz",
      "integrity": "sha512-7GO6HghkA5fYG9TYnNxi14/7K9f5occMlp3zXAuSxn7CKCxt9xbNWG7yF8hTCSUchlfWSe3uLmlPfigevRItzQ=="
    },
    "node-markov-generator": {
      "version": "0.4.3",
      "resolved": "https://registry.npmjs.org/node-markov-generator/-/node-markov-generator-0.4.3.tgz",
      "integrity": "sha512-+3iezPoGMTYTHBWg64/LI921xFtxr+P7S2d/QhX2zt6ylhErWIwwPRsKZtU0oRDVZq4RJjpO2nY3UNG9zYDVsw=="
    },
    "twitter-api-v2": {
      "version": "1.12.9",
      "resolved": "https://registry.npmjs.org/twitter-api-v2/-/twitter-api-v2-1.12.9.tgz",
      "integrity": "sha512-nmKwcUiXgoEfcOtAH/hYojy0oSxbouWvvNsHVphiHSW9x9aus2Jdg9/NRB2Gzyq5G6xl+EkjUlEWwBQjp1FOfg=="
    }
  }
}
